dependencies:
- name: base
  repository: https://istio-release.storage.googleapis.com/charts
  version: 1.24.0
- name: istiod
  repository: https://istio-release.storage.googleapis.com/charts
  version: 1.24.0
- name: cni
  repository: https://istio-release.storage.googleapis.com/charts
  version: 1.24.0
- name: ztunnel
  repository: https://istio-release.storage.googleapis.com/charts
  version: 1.24.0
- name: gateway
  repository: https://istio-release.storage.googleapis.com/charts
  version: 1.24.0
- name: kiali-server
  repository: https://kiali.org/helm-charts
  version: 2.1.0
digest: sha256:86d5a79d0ea8a233ec258928b341dd7131b32d0c8f4ca3d988cb5bd7e4651597
generated: "2024-11-16T02:03:45.1111-05:00"
