dependencies:
- name: base
  repository: https://istio-release.storage.googleapis.com/charts
  version: 1.28.0
- name: istiod
  repository: https://istio-release.storage.googleapis.com/charts
  version: 1.28.0
- name: cni
  repository: https://istio-release.storage.googleapis.com/charts
  version: 1.28.0
- name: ztunnel
  repository: https://istio-release.storage.googleapis.com/charts
  version: 1.28.0
digest: sha256:37d6cf23068ef6203ce3088dfd6ec49b0fe03426c07a0b80309a4cdcffa84759
generated: "2025-11-12T22:10:06.424745-05:00"
